
Microsoft Visual Studio Solution File, Format Version 12.00
# Visual Studio Version 17
VisualStudioVersion = 17.9.34728.123
MinimumVisualStudioVersion = 10.0.40219.1
Project("{FAE04EC0-301F-11D3-BF4B-00C04F79EFBC}") = "AppUtn.Examen", "AppUtn.Examen\AppUtn.Examen.csproj", "{8759ED15-63DC-4192-B758-B343AFD1C93C}"
EndProject
Project("{FAE04EC0-301F-11D3-BF4B-00C04F79EFBC}") = "ApiConsumer", "ApiConsumer\ApiConsumer.csproj", "{63C41D04-30FC-4825-84AD-ABBA066C71D5}"
EndProject
Global
	GlobalSection(SolutionConfigurationPlatforms) = preSolution
		Debug|Any CPU = Debug|Any CPU
		Release|Any CPU = Release|Any CPU
	EndGlobalSection
	GlobalSection(ProjectConfigurationPlatforms) = postSolution
		{8759ED15-63DC-4192-B758-B343AFD1C93C}.Debug|Any CPU.ActiveCfg = Debug|Any CPU
		{8759ED15-63DC-4192-B758-B343AFD1C93C}.Debug|Any CPU.Build.0 = Debug|Any CPU
		{8759ED15-63DC-4192-B758-B343AFD1C93C}.Debug|Any CPU.Deploy.0 = Debug|Any CPU
		{8759ED15-63DC-4192-B758-B343AFD1C93C}.Release|Any CPU.ActiveCfg = Release|Any CPU
		{8759ED15-63DC-4192-B758-B343AFD1C93C}.Release|Any CPU.Build.0 = Release|Any CPU
		{8759ED15-63DC-4192-B758-B343AFD1C93C}.Release|Any CPU.Deploy.0 = Release|Any CPU
		{63C41D04-30FC-4825-84AD-ABBA066C71D5}.Debug|Any CPU.ActiveCfg = Debug|Any CPU
		{63C41D04-30FC-4825-84AD-ABBA066C71D5}.Debug|Any CPU.Build.0 = Debug|Any CPU
		{63C41D04-30FC-4825-84AD-ABBA066C71D5}.Release|Any CPU.ActiveCfg = Release|Any CPU
		{63C41D04-30FC-4825-84AD-ABBA066C71D5}.Release|Any CPU.Build.0 = Release|Any CPU
	EndGlobalSection
	GlobalSection(SolutionProperties) = preSolution
		HideSolutionNode = FALSE
	EndGlobalSection
	GlobalSection(ExtensibilityGlobals) = postSolution
		SolutionGuid = {811C4A00-4D36-4746-BB75-ECD0A9A65DD3}
	EndGlobalSection
EndGlobal
